{
  "name": "lineup-rankings",
  "version": "1.0.0",
  "lockfileVersion": 1,
  "requires": true,
  "dependencies": {
    "@uirouter/angularjs": {
      "version": "1.0.20",
      "resolved": "https://registry.npmjs.org/@uirouter/angularjs/-/angularjs-1.0.20.tgz",
      "integrity": "sha512-fY6bsesTL/tg8gyFHXaIjD1r5b7Ac+SYupodO9OzT4/gKI0YC+uGzLpQESAiXlT3fsxdEPVBzdtAbzXDwCKdEA==",
      "requires": {
        "@uirouter/core": "5.0.21"
      }
    },
    "@uirouter/core": {
      "version": "5.0.21",
      "resolved": "https://registry.npmjs.org/@uirouter/core/-/core-5.0.21.tgz",
      "integrity": "sha512-QWHc0wT00qtYNkT0BXZaFNLLHZyux0qJjF8c2WklW5/Q0Z866NoJjJErEMWjQb/AR+olkR2NlfEEi8KTQU2OpA=="
    },
    "angular": {
      "version": "1.4.3",
      "resolved": "http://registry.npmjs.org/angular/-/angular-1.4.3.tgz",
      "integrity": "sha1-OvcjRheJvQufrZ2W2iV2nyB9weI="
    },
    "angular-route": {
      "version": "1.4.3",
      "resolved": "http://registry.npmjs.org/angular-route/-/angular-route-1.4.3.tgz",
      "integrity": "sha1-2wqE0nFCcmHGtsJBJiIvAzRLbLQ="
    },
    "angular-smart-table": {
      "version": "2.1.11",
      "resolved": "https://registry.npmjs.org/angular-smart-table/-/angular-smart-table-2.1.11.tgz",
      "integrity": "sha512-8ZSGygQqVBkpPDzb0382ujK1eOr8fnePXpzq+sUBkUsvRaEgMeY6VoFpWmg106472mD6oMNXIW9+VDQKllXa0w=="
    },
    "angular-ui-bootstrap": {
      "version": "0.14.3",
      "resolved": "https://registry.npmjs.org/angular-ui-bootstrap/-/angular-ui-bootstrap-0.14.3.tgz",
      "integrity": "sha1-2WzmBMhLvXBro0qryh1ac3bhi6Y="
    },
    "angular-ui-grid": {
      "version": "3.0.1",
      "resolved": "http://registry.npmjs.org/angular-ui-grid/-/angular-ui-grid-3.0.1.tgz",
      "integrity": "sha1-7FPqKy6nLdh5+ywNcptCylwl8L4=",
      "requires": {
        "angular": ">=1.2.16 <=1.3.16"
      },
      "dependencies": {
        "angular": {
          "version": "1.3.16",
          "resolved": "http://registry.npmjs.org/angular/-/angular-1.3.16.tgz",
          "integrity": "sha1-A7jY/7tekwYyZzSA7JSYyMg1zdk="
        }
      }
    },
    "ng-tags-input": {
      "version": "3.2.0",
      "resolved": "https://registry.npmjs.org/ng-tags-input/-/ng-tags-input-3.2.0.tgz",
      "integrity": "sha1-kSgt5XUTDIq3lHl/6/CXKw87uj4="
    }
  }
}
